
Microsoft Visual Studio Solution File, Format Version 12.00
# Visual Studio Version 16
VisualStudioVersion = 16.0.29519.161
MinimumVisualStudioVersion = 10.0.40219.1
Project("{FAE04EC0-301F-11D3-BF4B-00C04F79EFBC}") = "Berrysoft.Blazor.DataGrid", "Berrysoft.Blazor.DataGrid\Berrysoft.Blazor.DataGrid.csproj", "{AC3D1FF0-D573-49D6-B4EC-EDFD8B9F4524}"
EndProject
Global
	GlobalSection(SolutionConfigurationPlatforms) = preSolution
		Debug|Any CPU = Debug|Any CPU
		Release|Any CPU = Release|Any CPU
	EndGlobalSection
	GlobalSection(ProjectConfigurationPlatforms) = postSolution
		{AC3D1FF0-D573-49D6-B4EC-EDFD8B9F4524}.Debug|Any CPU.ActiveCfg = Debug|Any CPU
		{AC3D1FF0-D573-49D6-B4EC-EDFD8B9F4524}.Debug|Any CPU.Build.0 = Debug|Any CPU
		{AC3D1FF0-D573-49D6-B4EC-EDFD8B9F4524}.Release|Any CPU.ActiveCfg = Release|Any CPU
		{AC3D1FF0-D573-49D6-B4EC-EDFD8B9F4524}.Release|Any CPU.Build.0 = Release|Any CPU
	EndGlobalSection
	GlobalSection(SolutionProperties) = preSolution
		HideSolutionNode = FALSE
	EndGlobalSection
	GlobalSection(ExtensibilityGlobals) = postSolution
		SolutionGuid = {F8817A46-0B63-4C87-B458-11513137020F}
	EndGlobalSection
EndGlobal
